
Microsoft Visual Studio Solution File, Format Version 12.00
# Visual Studio Version 17
VisualStudioVersion = 17.9.34622.214
MinimumVisualStudioVersion = 10.0.40219.1
Project("{FAE04EC0-301F-11D3-BF4B-00C04F79EFBC}") = "BookStoreApp.API", "BookStoreApp.API\BookStoreApp.API.csproj", "{7919B18F-DE7A-413D-8C85-E3E948B2581A}"
EndProject
Global
	GlobalSection(SolutionConfigurationPlatforms) = preSolution
		Debug|Any CPU = Debug|Any CPU
		Release|Any CPU = Release|Any CPU
	EndGlobalSection
	GlobalSection(ProjectConfigurationPlatforms) = postSolution
		{7919B18F-DE7A-413D-8C85-E3E948B2581A}.Debug|Any CPU.ActiveCfg = Debug|Any CPU
		{7919B18F-DE7A-413D-8C85-E3E948B2581A}.Debug|Any CPU.Build.0 = Debug|Any CPU
		{7919B18F-DE7A-413D-8C85-E3E948B2581A}.Release|Any CPU.ActiveCfg = Release|Any CPU
		{7919B18F-DE7A-413D-8C85-E3E948B2581A}.Release|Any CPU.Build.0 = Release|Any CPU
	EndGlobalSection
	GlobalSection(SolutionProperties) = preSolution
		HideSolutionNode = FALSE
	EndGlobalSection
	GlobalSection(ExtensibilityGlobals) = postSolution
		SolutionGuid = {222986EF-386B-487E-8021-78BEAE9190EC}
	EndGlobalSection
EndGlobal
